
Microsoft Visual Studio Solution File, Format Version 12.00
# Visual Studio Version 17
VisualStudioVersion = 17.13.35913.81
MinimumVisualStudioVersion = 10.0.40219.1
Project("{FAE04EC0-301F-11D3-BF4B-00C04F79EFBC}") = "StockHarbor.Domain", "StockHarbor.Domain\StockHarbor.Domain.csproj", "{BF94B8A8-57A0-43EA-A86E-E1F2F547130C}"
EndProject
Project("{FAE04EC0-301F-11D3-BF4B-00C04F79EFBC}") = "StockHarbor.Infrastructure", "StockHarbor.Infrastructure\StockHarbor.Infrastructure.csproj", "{DAB1D9EC-DFB0-4237-ABCF-82EA5FD9205C}"
EndProject
Project("{FAE04EC0-301F-11D3-BF4B-00C04F79EFBC}") = "StockHarbor.API", "StockHarbor.API\StockHarbor.API.csproj", "{2DAEAD75-ADCF-4C97-8AAC-8DC7CCD54D48}"
EndProject
Project("{2150E333-8FDC-42A3-9474-1A3956D46DE8}") = "Tests", "Tests", "{02EA681E-C7D8-13C7-8484-4AC65E1B71E8}"
EndProject
Project("{FAE04EC0-301F-11D3-BF4B-00C04F79EFBC}") = "StockHarbor.ApiTests", "StockHarbor.ApiTests\StockHarbor.ApiTests.csproj", "{84567B52-53F8-4638-86B2-BB914218E18E}"
EndProject
Global
	GlobalSection(SolutionConfigurationPlatforms) = preSolution
		Debug|Any CPU = Debug|Any CPU
		Release|Any CPU = Release|Any CPU
	EndGlobalSection
	GlobalSection(ProjectConfigurationPlatforms) = postSolution
		{BF94B8A8-57A0-43EA-A86E-E1F2F547130C}.Debug|Any CPU.ActiveCfg = Debug|Any CPU
		{BF94B8A8-57A0-43EA-A86E-E1F2F547130C}.Debug|Any CPU.Build.0 = Debug|Any CPU
		{BF94B8A8-57A0-43EA-A86E-E1F2F547130C}.Release|Any CPU.ActiveCfg = Release|Any CPU
		{BF94B8A8-57A0-43EA-A86E-E1F2F547130C}.Release|Any CPU.Build.0 = Release|Any CPU
		{DAB1D9EC-DFB0-4237-ABCF-82EA5FD9205C}.Debug|Any CPU.ActiveCfg = Debug|Any CPU
		{DAB1D9EC-DFB0-4237-ABCF-82EA5FD9205C}.Debug|Any CPU.Build.0 = Debug|Any CPU
		{DAB1D9EC-DFB0-4237-ABCF-82EA5FD9205C}.Release|Any CPU.ActiveCfg = Release|Any CPU
		{DAB1D9EC-DFB0-4237-ABCF-82EA5FD9205C}.Release|Any CPU.Build.0 = Release|Any CPU
		{2DAEAD75-ADCF-4C97-8AAC-8DC7CCD54D48}.Debug|Any CPU.ActiveCfg = Debug|Any CPU
		{2DAEAD75-ADCF-4C97-8AAC-8DC7CCD54D48}.Debug|Any CPU.Build.0 = Debug|Any CPU
		{2DAEAD75-ADCF-4C97-8AAC-8DC7CCD54D48}.Release|Any CPU.ActiveCfg = Release|Any CPU
		{2DAEAD75-ADCF-4C97-8AAC-8DC7CCD54D48}.Release|Any CPU.Build.0 = Release|Any CPU
		{84567B52-53F8-4638-86B2-BB914218E18E}.Debug|Any CPU.ActiveCfg = Debug|Any CPU
		{84567B52-53F8-4638-86B2-BB914218E18E}.Debug|Any CPU.Build.0 = Debug|Any CPU
		{84567B52-53F8-4638-86B2-BB914218E18E}.Release|Any CPU.ActiveCfg = Release|Any CPU
		{84567B52-53F8-4638-86B2-BB914218E18E}.Release|Any CPU.Build.0 = Release|Any CPU
	EndGlobalSection
	GlobalSection(SolutionProperties) = preSolution
		HideSolutionNode = FALSE
	EndGlobalSection
	GlobalSection(NestedProjects) = preSolution
		{84567B52-53F8-4638-86B2-BB914218E18E} = {02EA681E-C7D8-13C7-8484-4AC65E1B71E8}
	EndGlobalSection
	GlobalSection(ExtensibilityGlobals) = postSolution
		SolutionGuid = {AEB1602B-9BE9-42CB-84EA-93E3C5D1D188}
	EndGlobalSection
EndGlobal
